// !$*UTF8*$!
{
	archiveVersion = 1;
	classes = {
	};
	objectVersion = 51;
	objects = {

/* Begin PBXBuildFile section */
		7210B589240BD54D00CD0CCE /* UIImageViewExt.swift in Sources */ = {isa = PBXBuildFile; fileRef = 7210B588240BD54D00CD0CCE /* UIImageViewExt.swift */; };
		72114C38240FCC3B00D23ED7 /* UIDeviceExt.swift in Sources */ = {isa = PBXBuildFile; fileRef = 72114C37240FCC3B00D23ED7 /* UIDeviceExt.swift */; };
		7223F6AC240CD96F00D62D6C /* DatetimeUtil.swift in Sources */ = {isa = PBXBuildFile; fileRef = 7223F6AB240CD96F00D62D6C /* DatetimeUtil.swift */; };
		72275686240CA1C400654898 /* UILabelExt.swift in Sources */ = {isa = PBXBuildFile; fileRef = 72275685240CA1C400654898 /* UILabelExt.swift */; };
		722BB3B32413C6E5001189C9 /* PrivacyController.swift in Sources */ = {isa = PBXBuildFile; fileRef = 722BB3B22413C6E5001189C9 /* PrivacyController.swift */; };
		723881EB240ADD2F004BD25B /* StringExt.swift in Sources */ = {isa = PBXBuildFile; fileRef = 723881EA240ADD2F004BD25B /* StringExt.swift */; };
		723881ED240AE00B004BD25B /* UpdateMemoViewController.swift in Sources */ = {isa = PBXBuildFile; fileRef = 723881EC240AE00B004BD25B /* UpdateMemoViewController.swift */; };
		723F8E27241DD03C00149049 /* BaseViewController.swift in Sources */ = {isa = PBXBuildFile; fileRef = 723F8E26241DD03C00149049 /* BaseViewController.swift */; };
		723F8E29241DDFCF00149049 /* Resource.swift in Sources */ = {isa = PBXBuildFile; fileRef = 723F8E28241DDFCF00149049 /* Resource.swift */; };
		72406D9C24107A1C00037EB4 /* DeviceControl.swift in Sources */ = {isa = PBXBuildFile; fileRef = 72406D9B24107A1C00037EB4 /* DeviceControl.swift */; };
		72406D9E24107E1B00037EB4 /* EmptyMemoView.swift in Sources */ = {isa = PBXBuildFile; fileRef = 72406D9D24107E1B00037EB4 /* EmptyMemoView.swift */; };
		72406DA024109BA000037EB4 /* SettingCell.swift in Sources */ = {isa = PBXBuildFile; fileRef = 72406D9F24109BA000037EB4 /* SettingCell.swift */; };
		72406DA42411192900037EB4 /* AppearanceController.swift in Sources */ = {isa = PBXBuildFile; fileRef = 72406DA32411192900037EB4 /* AppearanceController.swift */; };
		72406DA62411194300037EB4 /* AlertsController.swift in Sources */ = {isa = PBXBuildFile; fileRef = 72406DA52411194300037EB4 /* AlertsController.swift */; };
		7244892F240F3D90008E723C /* WriteMemoView.swift in Sources */ = {isa = PBXBuildFile; fileRef = 7244892E240F3D90008E723C /* WriteMemoView.swift */; };
		7248D0752429EB4700359505 /* Themes.swift in Sources */ = {isa = PBXBuildFile; fileRef = 7248D0742429EB4700359505 /* Themes.swift */; };
		724B3B0D24162E1000C4946B /* FontSizeController.swift in Sources */ = {isa = PBXBuildFile; fileRef = 724B3B0C24162E1000C4946B /* FontSizeController.swift */; };
		724CA6D32408D9250088F581 /* MemoViewController.swift in Sources */ = {isa = PBXBuildFile; fileRef = 724CA6D22408D9250088F581 /* MemoViewController.swift */; };
		724CA6D72408D94A0088F581 /* SettingViewController.swift in Sources */ = {isa = PBXBuildFile; fileRef = 724CA6D62408D94A0088F581 /* SettingViewController.swift */; };
		724CA6D92408DA850088F581 /* TabbarViewController.swift in Sources */ = {isa = PBXBuildFile; fileRef = 724CA6D82408DA850088F581 /* TabbarViewController.swift */; };
		724CA6DC2408EDBF0088F581 /* WriteMemoController.swift in Sources */ = {isa = PBXBuildFile; fileRef = 724CA6DB2408EDBF0088F581 /* WriteMemoController.swift */; };
		724CA6ED2408F3320088F581 /* Localizable.strings in Resources */ = {isa = PBXBuildFile; fileRef = 724CA6EF2408F3320088F581 /* Localizable.strings */; };
		724CA6F22408F34C0088F581 /* Localizable.strings in Resources */ = {isa = PBXBuildFile; fileRef = 724CA6F42408F34C0088F581 /* Localizable.strings */; };
		724CA6F72408F35E0088F581 /* Localizable.strings in Resources */ = {isa = PBXBuildFile; fileRef = 724CA6F92408F35E0088F581 /* Localizable.strings */; };
		724CA6FF240A18390088F581 /* UIViewExt.swift in Sources */ = {isa = PBXBuildFile; fileRef = 724CA6FE240A18390088F581 /* UIViewExt.swift */; };
		724CA702240A1FAD0088F581 /* MemoItem.swift in Sources */ = {isa = PBXBuildFile; fileRef = 724CA701240A1FAD0088F581 /* MemoItem.swift */; };
		724CA704240A23DF0088F581 /* UIColorExt.swift in Sources */ = {isa = PBXBuildFile; fileRef = 724CA703240A23DF0088F581 /* UIColorExt.swift */; };
		724CA706240A3D960088F581 /* UITextViewExt.swift in Sources */ = {isa = PBXBuildFile; fileRef = 724CA705240A3D960088F581 /* UITextViewExt.swift */; };
		7259011324149679009153A5 /* SeceneDelegate.swift in Sources */ = {isa = PBXBuildFile; fileRef = 7259011224149679009153A5 /* SeceneDelegate.swift */; };
		727E50ED24120B950042E81F /* light@3x.png in Resources */ = {isa = PBXBuildFile; fileRef = 727E50E924120B950042E81F /* light@3x.png */; };
		727E50EE24120B950042E81F /* dark@2x.png in Resources */ = {isa = PBXBuildFile; fileRef = 727E50EA24120B950042E81F /* dark@2x.png */; };
		727E50EF24120B950042E81F /* light@2x.png in Resources */ = {isa = PBXBuildFile; fileRef = 727E50EB24120B950042E81F /* light@2x.png */; };
		727E50F024120B950042E81F /* dark@3x.png in Resources */ = {isa = PBXBuildFile; fileRef = 727E50EC24120B950042E81F /* dark@3x.png */; };
		727E50F224120F8B0042E81F /* Launch.storyboard in Resources */ = {isa = PBXBuildFile; fileRef = 727E50F124120F8B0042E81F /* Launch.storyboard */; };
		7299A527240A79C900AE39DE /* RealmServices.swift in Sources */ = {isa = PBXBuildFile; fileRef = 7299A526240A79C900AE39DE /* RealmServices.swift */; };
		729E996D24126E26001A5D2C /* Colors.swift in Sources */ = {isa = PBXBuildFile; fileRef = 729E996C24126E26001A5D2C /* Colors.swift */; };
		729E996F2412ABF1001A5D2C /* SettingSwitchCell.swift in Sources */ = {isa = PBXBuildFile; fileRef = 729E996E2412ABF1001A5D2C /* SettingSwitchCell.swift */; };
		72C22DB824205EF0004EC65A /* RemindViewController.swift in Sources */ = {isa = PBXBuildFile; fileRef = 72C22DB724205EF0004EC65A /* RemindViewController.swift */; };
		72D0F8322417753F0026706A /* Const.swift in Sources */ = {isa = PBXBuildFile; fileRef = 72D0F8312417753F0026706A /* Const.swift */; };
		72EFECE02408D39F0035296F /* AppDelegate.swift in Sources */ = {isa = PBXBuildFile; fileRef = 72EFECDF2408D39F0035296F /* AppDelegate.swift */; };
		72EFECE92408D3A00035296F /* Assets.xcassets in Resources */ = {isa = PBXBuildFile; fileRef = 72EFECE82408D3A00035296F /* Assets.xcassets */; };
		BC918B97F24D138C0E3C485C /* Pods_Set_Memo.framework in Frameworks */ = {isa = PBXBuildFile; fileRef = F2BF6FA6DA92213F1BAE67B1 /* Pods_Set_Memo.framework */; };
/* End PBXBuildFile section */

/* Begin PBXFileReference section */
		171D6606EF39714791448C0A /* Pods-Set Memo.debug.xcconfig */ = {isa = PBXFileReference; includeInIndex = 1; lastKnownFileType = text.xcconfig; name = "Pods-Set Memo.debug.xcconfig"; path = "Target Support Files/Pods-Set Memo/Pods-Set Memo.debug.xcconfig"; sourceTree = "<group>"; };
		7210B588240BD54D00CD0CCE /* UIImageViewExt.swift */ = {isa = PBXFileReference; lastKnownFileType = sourcecode.swift; path = UIImageViewExt.swift; sourceTree = "<group>"; };
		72114C37240FCC3B00D23ED7 /* UIDeviceExt.swift */ = {isa = PBXFileReference; lastKnownFileType = sourcecode.swift; path = UIDeviceExt.swift; sourceTree = "<group>"; };
		7223F6AB240CD96F00D62D6C /* DatetimeUtil.swift */ = {isa = PBXFileReference; lastKnownFileType = sourcecode.swift; path = DatetimeUtil.swift; sourceTree = "<group>"; };
		72275685240CA1C400654898 /* UILabelExt.swift */ = {isa = PBXFileReference; lastKnownFileType = sourcecode.swift; path = UILabelExt.swift; sourceTree = "<group>"; };
		722BB3B22413C6E5001189C9 /* PrivacyController.swift */ = {isa = PBXFileReference; lastKnownFileType = sourcecode.swift; path = PrivacyController.swift; sourceTree = "<group>"; };
		723881EA240ADD2F004BD25B /* StringExt.swift */ = {isa = PBXFileReference; lastKnownFileType = sourcecode.swift; path = StringExt.swift; sourceTree = "<group>"; };
		723881EC240AE00B004BD25B /* UpdateMemoViewController.swift */ = {isa = PBXFileReference; lastKnownFileType = sourcecode.swift; path = UpdateMemoViewController.swift; sourceTree = "<group>"; };
		723F8E26241DD03C00149049 /* BaseViewController.swift */ = {isa = PBXFileReference; lastKnownFileType = sourcecode.swift; path = BaseViewController.swift; sourceTree = "<group>"; };
		723F8E28241DDFCF00149049 /* Resource.swift */ = {isa = PBXFileReference; lastKnownFileType = sourcecode.swift; path = Resource.swift; sourceTree = "<group>"; };
		72406D9B24107A1C00037EB4 /* DeviceControl.swift */ = {isa = PBXFileReference; lastKnownFileType = sourcecode.swift; path = DeviceControl.swift; sourceTree = "<group>"; };
		72406D9D24107E1B00037EB4 /* EmptyMemoView.swift */ = {isa = PBXFileReference; lastKnownFileType = sourcecode.swift; path = EmptyMemoView.swift; sourceTree = "<group>"; };
		72406D9F24109BA000037EB4 /* SettingCell.swift */ = {isa = PBXFileReference; lastKnownFileType = sourcecode.swift; path = SettingCell.swift; sourceTree = "<group>"; };
		72406DA32411192900037EB4 /* AppearanceController.swift */ = {isa = PBXFileReference; lastKnownFileType = sourcecode.swift; path = AppearanceController.swift; sourceTree = "<group>"; };
		72406DA52411194300037EB4 /* AlertsController.swift */ = {isa = PBXFileReference; lastKnownFileType = sourcecode.swift; path = AlertsController.swift; sourceTree = "<group>"; };
		7244892E240F3D90008E723C /* WriteMemoView.swift */ = {isa = PBXFileReference; lastKnownFileType = sourcecode.swift; path = WriteMemoView.swift; sourceTree = "<group>"; };
		7248D0742429EB4700359505 /* Themes.swift */ = {isa = PBXFileReference; lastKnownFileType = sourcecode.swift; path = Themes.swift; sourceTree = "<group>"; };
		724B3B0C24162E1000C4946B /* FontSizeController.swift */ = {isa = PBXFileReference; lastKnownFileType = sourcecode.swift; path = FontSizeController.swift; sourceTree = "<group>"; };
		724CA6D22408D9250088F581 /* MemoViewController.swift */ = {isa = PBXFileReference; lastKnownFileType = sourcecode.swift; path = MemoViewController.swift; sourceTree = "<group>"; };
		724CA6D62408D94A0088F581 /* SettingViewController.swift */ = {isa = PBXFileReference; lastKnownFileType = sourcecode.swift; path = SettingViewController.swift; sourceTree = "<group>"; };
		724CA6D82408DA850088F581 /* TabbarViewController.swift */ = {isa = PBXFileReference; lastKnownFileType = sourcecode.swift; path = TabbarViewController.swift; sourceTree = "<group>"; };
		724CA6DB2408EDBF0088F581 /* WriteMemoController.swift */ = {isa = PBXFileReference; lastKnownFileType = sourcecode.swift; path = WriteMemoController.swift; sourceTree = "<group>"; };
		724CA6EE2408F3320088F581 /* en */ = {isa = PBXFileReference; lastKnownFileType = text.plist.strings; name = en; path = en.lproj/Localizable.strings; sourceTree = "<group>"; };
		724CA6F32408F34C0088F581 /* ja */ = {isa = PBXFileReference; lastKnownFileType = text.plist.strings; name = ja; path = ja.lproj/Localizable.strings; sourceTree = "<group>"; };
		724CA6F82408F35E0088F581 /* vi */ = {isa = PBXFileReference; lastKnownFileType = text.plist.strings; name = vi; path = vi.lproj/Localizable.strings; sourceTree = "<group>"; };
		724CA6FE240A18390088F581 /* UIViewExt.swift */ = {isa = PBXFileReference; lastKnownFileType = sourcecode.swift; path = UIViewExt.swift; sourceTree = "<group>"; };
		724CA701240A1FAD0088F581 /* MemoItem.swift */ = {isa = PBXFileReference; lastKnownFileType = sourcecode.swift; path = MemoItem.swift; sourceTree = "<group>"; };
		724CA703240A23DF0088F581 /* UIColorExt.swift */ = {isa = PBXFileReference; lastKnownFileType = sourcecode.swift; path = UIColorExt.swift; sourceTree = "<group>"; };
		724CA705240A3D960088F581 /* UITextViewExt.swift */ = {isa = PBXFileReference; lastKnownFileType = sourcecode.swift; path = UITextViewExt.swift; sourceTree = "<group>"; };
		7259011224149679009153A5 /* SeceneDelegate.swift */ = {isa = PBXFileReference; lastKnownFileType = sourcecode.swift; path = SeceneDelegate.swift; sourceTree = "<group>"; };
		727E50E924120B950042E81F /* light@3x.png */ = {isa = PBXFileReference; lastKnownFileType = image.png; path = "light@3x.png"; sourceTree = "<group>"; };
		727E50EA24120B950042E81F /* dark@2x.png */ = {isa = PBXFileReference; lastKnownFileType = image.png; path = "dark@2x.png"; sourceTree = "<group>"; };
		727E50EB24120B950042E81F /* light@2x.png */ = {isa = PBXFileReference; lastKnownFileType = image.png; path = "light@2x.png"; sourceTree = "<group>"; };
		727E50EC24120B950042E81F /* dark@3x.png */ = {isa = PBXFileReference; lastKnownFileType = image.png; path = "dark@3x.png"; sourceTree = "<group>"; };
		727E50F124120F8B0042E81F /* Launch.storyboard */ = {isa = PBXFileReference; lastKnownFileType = file.storyboard; path = Launch.storyboard; sourceTree = "<group>"; };
		7299A526240A79C900AE39DE /* RealmServices.swift */ = {isa = PBXFileReference; lastKnownFileType = sourcecode.swift; path = RealmServices.swift; sourceTree = "<group>"; };
		729E996C24126E26001A5D2C /* Colors.swift */ = {isa = PBXFileReference; lastKnownFileType = sourcecode.swift; path = Colors.swift; sourceTree = "<group>"; };
		729E996E2412ABF1001A5D2C /* SettingSwitchCell.swift */ = {isa = PBXFileReference; lastKnownFileType = sourcecode.swift; path = SettingSwitchCell.swift; sourceTree = "<group>"; };
		72C22DB724205EF0004EC65A /* RemindViewController.swift */ = {isa = PBXFileReference; lastKnownFileType = sourcecode.swift; path = RemindViewController.swift; sourceTree = "<group>"; };
		72D0F8312417753F0026706A /* Const.swift */ = {isa = PBXFileReference; lastKnownFileType = sourcecode.swift; path = Const.swift; sourceTree = "<group>"; };
		72EFECDC2408D39F0035296F /* Set Memo.app */ = {isa = PBXFileReference; explicitFileType = wrapper.application; includeInIndex = 0; path = "Set Memo.app"; sourceTree = BUILT_PRODUCTS_DIR; };
		72EFECDF2408D39F0035296F /* AppDelegate.swift */ = {isa = PBXFileReference; lastKnownFileType = sourcecode.swift; path = AppDelegate.swift; sourceTree = "<group>"; };
		72EFECE82408D3A00035296F /* Assets.xcassets */ = {isa = PBXFileReference; lastKnownFileType = folder.assetcatalog; path = Assets.xcassets; sourceTree = "<group>"; };
		72EFECED2408D3A00035296F /* Info.plist */ = {isa = PBXFileReference; lastKnownFileType = text.plist.xml; path = Info.plist; sourceTree = "<group>"; };
		93C9B7B721A95210D78EB179 /* Pods-Set Memo.release.xcconfig */ = {isa = PBXFileReference; includeInIndex = 1; lastKnownFileType = text.xcconfig; name = "Pods-Set Memo.release.xcconfig"; path = "Target Support Files/Pods-Set Memo/Pods-Set Memo.release.xcconfig"; sourceTree = "<group>"; };
		F2BF6FA6DA92213F1BAE67B1 /* Pods_Set_Memo.framework */ = {isa = PBXFileReference; explicitFileType = wrapper.framework; includeInIndex = 0; path = Pods_Set_Memo.framework; sourceTree = BUILT_PRODUCTS_DIR; };
/* End PBXFileReference section */

/* Begin PBXFrameworksBuildPhase section */
		72EFECD92408D39F0035296F /* Frameworks */ = {
			isa = PBXFrameworksBuildPhase;
			buildActionMask = 2147483647;
			files = (
				BC918B97F24D138C0E3C485C /* Pods_Set_Memo.framework in Frameworks */,
			);
			runOnlyForDeploymentPostprocessing = 0;
		};
/* End PBXFrameworksBuildPhase section */

/* Begin PBXGroup section */
		2FF7C336238A9101AD0FA764 /* Pods */ = {
			isa = PBXGroup;
			children = (
				171D6606EF39714791448C0A /* Pods-Set Memo.debug.xcconfig */,
				93C9B7B721A95210D78EB179 /* Pods-Set Memo.release.xcconfig */,
			);
			path = Pods;
			sourceTree = "<group>";
		};
		5AF2AE59AF839A5D848B2360 /* Frameworks */ = {
			isa = PBXGroup;
			children = (
				F2BF6FA6DA92213F1BAE67B1 /* Pods_Set_Memo.framework */,
			);
			name = Frameworks;
			sourceTree = "<group>";
		};
		723F8E25241DD02800149049 /* Common */ = {
			isa = PBXGroup;
			children = (
				723F8E26241DD03C00149049 /* BaseViewController.swift */,
			);
			path = Common;
			sourceTree = "<group>";
		};
		7244892D240F3D62008E723C /* Views */ = {
			isa = PBXGroup;
			children = (
				7244892E240F3D90008E723C /* WriteMemoView.swift */,
				72406D9D24107E1B00037EB4 /* EmptyMemoView.swift */,
				72406D9F24109BA000037EB4 /* SettingCell.swift */,
				729E996E2412ABF1001A5D2C /* SettingSwitchCell.swift */,
			);
			path = Views;
			sourceTree = "<group>";
		};
		7248D0732429EB2D00359505 /* Theme */ = {
			isa = PBXGroup;
			children = (
				7248D0742429EB4700359505 /* Themes.swift */,
			);
			path = Theme;
			sourceTree = "<group>";
		};
		724CA6D12408D9060088F581 /* Controllers */ = {
			isa = PBXGroup;
			children = (
				72E4D439241232F500606AD2 /* Memo */,
				72E4D438241232D600606AD2 /* Settings */,
				724CA6D82408DA850088F581 /* TabbarViewController.swift */,
			);
			path = Controllers;
			sourceTree = "<group>";
		};
		724CA6DA2408E91A0088F581 /* Resource */ = {
			isa = PBXGroup;
			children = (
				724CA6EF2408F3320088F581 /* Localizable.strings */,
				724CA6F42408F34C0088F581 /* Localizable.strings */,
				724CA6F92408F35E0088F581 /* Localizable.strings */,
				723F8E28241DDFCF00149049 /* Resource.swift */,
			);
			path = Resource;
			sourceTree = "<group>";
		};
		724CA6FA2408FBDB0088F581 /* Controls */ = {
			isa = PBXGroup;
			children = (
				7223F6AB240CD96F00D62D6C /* DatetimeUtil.swift */,
				72406D9B24107A1C00037EB4 /* DeviceControl.swift */,
			);
			path = Controls;
			sourceTree = "<group>";
		};
		724CA6FD240A18010088F581 /* UIExtensions */ = {
			isa = PBXGroup;
			children = (
				724CA6FE240A18390088F581 /* UIViewExt.swift */,
				724CA703240A23DF0088F581 /* UIColorExt.swift */,
				724CA705240A3D960088F581 /* UITextViewExt.swift */,
				723881EA240ADD2F004BD25B /* StringExt.swift */,
				7210B588240BD54D00CD0CCE /* UIImageViewExt.swift */,
				72275685240CA1C400654898 /* UILabelExt.swift */,
				72114C37240FCC3B00D23ED7 /* UIDeviceExt.swift */,
			);
			path = UIExtensions;
			sourceTree = "<group>";
		};
		724CA700240A1F9E0088F581 /* Models */ = {
			isa = PBXGroup;
			children = (
				729E996B24126E0E001A5D2C /* Colors */,
				724CA701240A1FAD0088F581 /* MemoItem.swift */,
			);
			path = Models;
			sourceTree = "<group>";
		};
		727E50E824120B710042E81F /* App Icons */ = {
			isa = PBXGroup;
			children = (
				727E50EA24120B950042E81F /* dark@2x.png */,
				727E50EC24120B950042E81F /* dark@3x.png */,
				727E50EB24120B950042E81F /* light@2x.png */,
				727E50E924120B950042E81F /* light@3x.png */,
			);
			path = "App Icons";
			sourceTree = "<group>";
		};
		7299A525240A79B400AE39DE /* Services */ = {
			isa = PBXGroup;
			children = (
				7299A526240A79C900AE39DE /* RealmServices.swift */,
			);
			path = Services;
			sourceTree = "<group>";
		};
		729E996B24126E0E001A5D2C /* Colors */ = {
			isa = PBXGroup;
			children = (
				729E996C24126E26001A5D2C /* Colors.swift */,
			);
			path = Colors;
			sourceTree = "<group>";
		};
		72D0F8302417752C0026706A /* Const */ = {
			isa = PBXGroup;
			children = (
				72D0F8312417753F0026706A /* Const.swift */,
			);
			path = Const;
			sourceTree = "<group>";
		};
		72E4D438241232D600606AD2 /* Settings */ = {
			isa = PBXGroup;
			children = (
				72406DA52411194300037EB4 /* AlertsController.swift */,
				72406DA32411192900037EB4 /* AppearanceController.swift */,
				724CA6D62408D94A0088F581 /* SettingViewController.swift */,
				722BB3B22413C6E5001189C9 /* PrivacyController.swift */,
				724B3B0C24162E1000C4946B /* FontSizeController.swift */,
				72C22DB724205EF0004EC65A /* RemindViewController.swift */,
			);
			path = Settings;
			sourceTree = "<group>";
		};
		72E4D439241232F500606AD2 /* Memo */ = {
			isa = PBXGroup;
			children = (
				724CA6DB2408EDBF0088F581 /* WriteMemoController.swift */,
				723881EC240AE00B004BD25B /* UpdateMemoViewController.swift */,
				724CA6D22408D9250088F581 /* MemoViewController.swift */,
			);
			path = Memo;
			sourceTree = "<group>";
		};
		72EFECD32408D39F0035296F = {
			isa = PBXGroup;
			children = (
				72EFECDE2408D39F0035296F /* Set Memo */,
				72EFECDD2408D39F0035296F /* Products */,
				2FF7C336238A9101AD0FA764 /* Pods */,
				5AF2AE59AF839A5D848B2360 /* Frameworks */,
			);
			sourceTree = "<group>";
		};
		72EFECDD2408D39F0035296F /* Products */ = {
			isa = PBXGroup;
			children = (
				72EFECDC2408D39F0035296F /* Set Memo.app */,
			);
			name = Products;
			sourceTree = "<group>";
		};
		72EFECDE2408D39F0035296F /* Set Memo */ = {
			isa = PBXGroup;
			children = (
				7248D0732429EB2D00359505 /* Theme */,
				723F8E25241DD02800149049 /* Common */,
				72D0F8302417752C0026706A /* Const */,
				727E50E824120B710042E81F /* App Icons */,
				7244892D240F3D62008E723C /* Views */,
				7299A525240A79B400AE39DE /* Services */,
				724CA700240A1F9E0088F581 /* Models */,
				724CA6FD240A18010088F581 /* UIExtensions */,
				724CA6FA2408FBDB0088F581 /* Controls */,
				724CA6DA2408E91A0088F581 /* Resource */,
				724CA6D12408D9060088F581 /* Controllers */,
				72EFECDF2408D39F0035296F /* AppDelegate.swift */,
				72EFECE82408D3A00035296F /* Assets.xcassets */,
				72EFECED2408D3A00035296F /* Info.plist */,
				727E50F124120F8B0042E81F /* Launch.storyboard */,
				7259011224149679009153A5 /* SeceneDelegate.swift */,
			);
			path = "Set Memo";
			sourceTree = "<group>";
		};
/* End PBXGroup section */

/* Begin PBXNativeTarget section */
		72EFECDB2408D39F0035296F /* Set Memo */ = {
			isa = PBXNativeTarget;
			buildConfigurationList = 72EFECF02408D3A00035296F /* Build configuration list for PBXNativeTarget "Set Memo" */;
			buildPhases = (
				29FEE4021D8CF104B9FC1B6A /* [CP] Check Pods Manifest.lock */,
				72EFECD82408D39F0035296F /* Sources */,
				72EFECD92408D39F0035296F /* Frameworks */,
				72EFECDA2408D39F0035296F /* Resources */,
				9817E88AD353AF8CA7C8B7C1 /* [CP] Embed Pods Frameworks */,
			);
			buildRules = (
			);
			dependencies = (
			);
			name = "Set Memo";
			productName = "Set Memo";
			productReference = 72EFECDC2408D39F0035296F /* Set Memo.app */;
			productType = "com.apple.product-type.application";
		};
/* End PBXNativeTarget section */

/* Begin PBXProject section */
		72EFECD42408D39F0035296F /* Project object */ = {
			isa = PBXProject;
			attributes = {
				LastSwiftUpdateCheck = 1130;
				LastUpgradeCheck = 1130;
				ORGANIZATIONNAME = popcorn;
				TargetAttributes = {
					72EFECDB2408D39F0035296F = {
						CreatedOnToolsVersion = 11.3.1;
					};
				};
			};
			buildConfigurationList = 72EFECD72408D39F0035296F /* Build configuration list for PBXProject "Set Memo" */;
			compatibilityVersion = "Xcode 9.3";
			developmentRegion = en;
			hasScannedForEncodings = 0;
			knownRegions = (
				en,
				Base,
				ja,
				vi,
			);
			mainGroup = 72EFECD32408D39F0035296F;
			productRefGroup = 72EFECDD2408D39F0035296F /* Products */;
			projectDirPath = "";
			projectRoot = "";
			targets = (
				72EFECDB2408D39F0035296F /* Set Memo */,
			);
		};
/* End PBXProject section */

/* Begin PBXResourcesBuildPhase section */
		72EFECDA2408D39F0035296F /* Resources */ = {
			isa = PBXResourcesBuildPhase;
			buildActionMask = 2147483647;
			files = (
				727E50EE24120B950042E81F /* dark@2x.png in Resources */,
				727E50ED24120B950042E81F /* light@3x.png in Resources */,
				724CA6F72408F35E0088F581 /* Localizable.strings in Resources */,
				727E50F224120F8B0042E81F /* Launch.storyboard in Resources */,
				724CA6F22408F34C0088F581 /* Localizable.strings in Resources */,
				724CA6ED2408F3320088F581 /* Localizable.strings in Resources */,
				727E50EF24120B950042E81F /* light@2x.png in Resources */,
				727E50F024120B950042E81F /* dark@3x.png in Resources */,
				72EFECE92408D3A00035296F /* Assets.xcassets in Resources */,
			);
			runOnlyForDeploymentPostprocessing = 0;
		};
/* End PBXResourcesBuildPhase section */

/* Begin PBXShellScriptBuildPhase section */
		29FEE4021D8CF104B9FC1B6A /* [CP] Check Pods Manifest.lock */ = {
			isa = PBXShellScriptBuildPhase;
			buildActionMask = 2147483647;
			files = (
			);
			inputFileListPaths = (
			);
			inputPaths = (
				"${PODS_PODFILE_DIR_PATH}/Podfile.lock",
				"${PODS_ROOT}/Manifest.lock",
			);
			name = "[CP] Check Pods Manifest.lock";
			outputFileListPaths = (
			);
			outputPaths = (
				"$(DERIVED_FILE_DIR)/Pods-Set Memo-checkManifestLockResult.txt",
			);
			runOnlyForDeploymentPostprocessing = 0;
			shellPath = /bin/sh;
			shellScript = "diff \"${PODS_PODFILE_DIR_PATH}/Podfile.lock\" \"${PODS_ROOT}/Manifest.lock\" > /dev/null\nif [ $? != 0 ] ; then\n    # print error to STDERR\n    echo \"error: The sandbox is not in sync with the Podfile.lock. Run 'pod install' or update your CocoaPods installation.\" >&2\n    exit 1\nfi\n# This output is used by Xcode 'outputs' to avoid re-running this script phase.\necho \"SUCCESS\" > \"${SCRIPT_OUTPUT_FILE_0}\"\n";
			showEnvVarsInLog = 0;
		};
		9817E88AD353AF8CA7C8B7C1 /* [CP] Embed Pods Frameworks */ = {
			isa = PBXShellScriptBuildPhase;
			buildActionMask = 2147483647;
			files = (
			);
			inputFileListPaths = (
				"${PODS_ROOT}/Target Support Files/Pods-Set Memo/Pods-Set Memo-frameworks-${CONFIGURATION}-input-files.xcfilelist",
			);
			name = "[CP] Embed Pods Frameworks";
			outputFileListPaths = (
				"${PODS_ROOT}/Target Support Files/Pods-Set Memo/Pods-Set Memo-frameworks-${CONFIGURATION}-output-files.xcfilelist",
			);
			runOnlyForDeploymentPostprocessing = 0;
			shellPath = /bin/sh;
			shellScript = "\"${PODS_ROOT}/Target Support Files/Pods-Set Memo/Pods-Set Memo-frameworks.sh\"\n";
			showEnvVarsInLog = 0;
		};
/* End PBXShellScriptBuildPhase section */

/* Begin PBXSourcesBuildPhase section */
		72EFECD82408D39F0035296F /* Sources */ = {
			isa = PBXSourcesBuildPhase;
			buildActionMask = 2147483647;
			files = (
				724CA6D72408D94A0088F581 /* SettingViewController.swift in Sources */,
				72406DA42411192900037EB4 /* AppearanceController.swift in Sources */,
				723881EB240ADD2F004BD25B /* StringExt.swift in Sources */,
				72406D9C24107A1C00037EB4 /* DeviceControl.swift in Sources */,
				723F8E27241DD03C00149049 /* BaseViewController.swift in Sources */,
				72406DA024109BA000037EB4 /* SettingCell.swift in Sources */,
				72406D9E24107E1B00037EB4 /* EmptyMemoView.swift in Sources */,
				7223F6AC240CD96F00D62D6C /* DatetimeUtil.swift in Sources */,
				724CA706240A3D960088F581 /* UITextViewExt.swift in Sources */,
				723F8E29241DDFCF00149049 /* Resource.swift in Sources */,
				7244892F240F3D90008E723C /* WriteMemoView.swift in Sources */,
				7259011324149679009153A5 /* SeceneDelegate.swift in Sources */,
				72406DA62411194300037EB4 /* AlertsController.swift in Sources */,
				7248D0752429EB4700359505 /* Themes.swift in Sources */,
				724CA704240A23DF0088F581 /* UIColorExt.swift in Sources */,
				724B3B0D24162E1000C4946B /* FontSizeController.swift in Sources */,
				72EFECE02408D39F0035296F /* AppDelegate.swift in Sources */,
				724CA6FF240A18390088F581 /* UIViewExt.swift in Sources */,
				72114C38240FCC3B00D23ED7 /* UIDeviceExt.swift in Sources */,
				724CA702240A1FAD0088F581 /* MemoItem.swift in Sources */,
				723881ED240AE00B004BD25B /* UpdateMemoViewController.swift in Sources */,
				72275686240CA1C400654898 /* UILabelExt.swift in Sources */,
				72C22DB824205EF0004EC65A /* RemindViewController.swift in Sources */,
				7210B589240BD54D00CD0CCE /* UIImageViewExt.swift in Sources */,
				729E996D24126E26001A5D2C /* Colors.swift in Sources */,
				729E996F2412ABF1001A5D2C /* SettingSwitchCell.swift in Sources */,
				724CA6DC2408EDBF0088F581 /* WriteMemoController.swift in Sources */,
				722BB3B32413C6E5001189C9 /* PrivacyController.swift in Sources */,
				724CA6D92408DA850088F581 /* TabbarViewController.swift in Sources */,
				724CA6D32408D9250088F581 /* MemoViewController.swift in Sources */,
				72D0F8322417753F0026706A /* Const.swift in Sources */,
				7299A527240A79C900AE39DE /* RealmServices.swift in Sources */,
			);
			runOnlyForDeploymentPostprocessing = 0;
		};
/* End PBXSourcesBuildPhase section */

/* Begin PBXVariantGroup section */
		724CA6EF2408F3320088F581 /* Localizable.strings */ = {
			isa = PBXVariantGroup;
			children = (
				724CA6EE2408F3320088F581 /* en */,
			);
			name = Localizable.strings;
			sourceTree = "<group>";
		};
		724CA6F42408F34C0088F581 /* Localizable.strings */ = {
			isa = PBXVariantGroup;
			children = (
				724CA6F32408F34C0088F581 /* ja */,
			);
			name = Localizable.strings;
			sourceTree = "<group>";
		};
		724CA6F92408F35E0088F581 /* Localizable.strings */ = {
			isa = PBXVariantGroup;
			children = (
				724CA6F82408F35E0088F581 /* vi */,
			);
			name = Localizable.strings;
			sourceTree = "<group>";
		};
/* End PBXVariantGroup section */

/* Begin XCBuildConfiguration section */
		72EFECEE2408D3A00035296F /* Debug */ = {
			isa = XCBuildConfiguration;
			buildSettings = {
				ALWAYS_SEARCH_USER_PATHS = NO;
				CLANG_ANALYZER_LOCALIZABILITY_NONLOCALIZED = YES;
				CLANG_ANALYZER_NONNULL = YES;
				CLANG_ANALYZER_NUMBER_OBJECT_CONVERSION = YES_AGGRESSIVE;
				CLANG_CXX_LANGUAGE_STANDARD = "gnu++14";
				CLANG_CXX_LIBRARY = "libc++";
				CLANG_ENABLE_MODULES = YES;
				CLANG_ENABLE_OBJC_ARC = YES;
				CLANG_ENABLE_OBJC_WEAK = YES;
				CLANG_WARN_BLOCK_CAPTURE_AUTORELEASING = YES;
				CLANG_WARN_BOOL_CONVERSION = YES;
				CLANG_WARN_COMMA = YES;
				CLANG_WARN_CONSTANT_CONVERSION = YES;
				CLANG_WARN_DEPRECATED_OBJC_IMPLEMENTATIONS = YES;
				CLANG_WARN_DIRECT_OBJC_ISA_USAGE = YES_ERROR;
				CLANG_WARN_DOCUMENTATION_COMMENTS = YES;
				CLANG_WARN_EMPTY_BODY = YES;
				CLANG_WARN_ENUM_CONVERSION = YES;
				CLANG_WARN_INFINITE_RECURSION = YES;
				CLANG_WARN_INT_CONVERSION = YES;
				CLANG_WARN_NON_LITERAL_NULL_CONVERSION = YES;
				CLANG_WARN_OBJC_IMPLICIT_RETAIN_SELF = YES;
				CLANG_WARN_OBJC_LITERAL_CONVERSION = YES;
				CLANG_WARN_OBJC_ROOT_CLASS = YES_ERROR;
				CLANG_WARN_RANGE_LOOP_ANALYSIS = YES;
				CLANG_WARN_STRICT_PROTOTYPES = YES;
				CLANG_WARN_SUSPICIOUS_MOVE = YES;
				CLANG_WARN_UNGUARDED_AVAILABILITY = YES_AGGRESSIVE;
				CLANG_WARN_UNREACHABLE_CODE = YES;
				CLANG_WARN__DUPLICATE_METHOD_MATCH = YES;
				COPY_PHASE_STRIP = NO;
				DEBUG_INFORMATION_FORMAT = dwarf;
				ENABLE_STRICT_OBJC_MSGSEND = YES;
				ENABLE_TESTABILITY = YES;
				GCC_C_LANGUAGE_STANDARD = gnu11;
				GCC_DYNAMIC_NO_PIC = NO;
				GCC_NO_COMMON_BLOCKS = YES;
				GCC_OPTIMIZATION_LEVEL = 0;
				GCC_PREPROCESSOR_DEFINITIONS = (
					"DEBUG=1",
					"$(inherited)",
				);
				GCC_WARN_64_TO_32_BIT_CONVERSION = YES;
				GCC_WARN_ABOUT_RETURN_TYPE = YES_ERROR;
				GCC_WARN_UNDECLARED_SELECTOR = YES;
				GCC_WARN_UNINITIALIZED_AUTOS = YES_AGGRESSIVE;
				GCC_WARN_UNUSED_FUNCTION = YES;
				GCC_WARN_UNUSED_VARIABLE = YES;
				IPHONEOS_DEPLOYMENT_TARGET = 13.2;
				MTL_ENABLE_DEBUG_INFO = INCLUDE_SOURCE;
				MTL_FAST_MATH = YES;
				ONLY_ACTIVE_ARCH = YES;
				SDKROOT = iphoneos;
				SWIFT_ACTIVE_COMPILATION_CONDITIONS = DEBUG;
				SWIFT_OPTIMIZATION_LEVEL = "-Onone";
			};
			name = Debug;
		};
		72EFECEF2408D3A00035296F /* Release */ = {
			isa = XCBuildConfiguration;
			buildSettings = {
				ALWAYS_SEARCH_USER_PATHS = NO;
				CLANG_ANALYZER_LOCALIZABILITY_NONLOCALIZED = YES;
				CLANG_ANALYZER_NONNULL = YES;
				CLANG_ANALYZER_NUMBER_OBJECT_CONVERSION = YES_AGGRESSIVE;
				CLANG_CXX_LANGUAGE_STANDARD = "gnu++14";
				CLANG_CXX_LIBRARY = "libc++";
				CLANG_ENABLE_MODULES = YES;
				CLANG_ENABLE_OBJC_ARC = YES;
				CLANG_ENABLE_OBJC_WEAK = YES;
				CLANG_WARN_BLOCK_CAPTURE_AUTORELEASING = YES;
				CLANG_WARN_BOOL_CONVERSION = YES;
				CLANG_WARN_COMMA = YES;
				CLANG_WARN_CONSTANT_CONVERSION = YES;
				CLANG_WARN_DEPRECATED_OBJC_IMPLEMENTATIONS = YES;
				CLANG_WARN_DIRECT_OBJC_ISA_USAGE = YES_ERROR;
				CLANG_WARN_DOCUMENTATION_COMMENTS = YES;
				CLANG_WARN_EMPTY_BODY = YES;
				CLANG_WARN_ENUM_CONVERSION = YES;
				CLANG_WARN_INFINITE_RECURSION = YES;
				CLANG_WARN_INT_CONVERSION = YES;
				CLANG_WARN_NON_LITERAL_NULL_CONVERSION = YES;
				CLANG_WARN_OBJC_IMPLICIT_RETAIN_SELF = YES;
				CLANG_WARN_OBJC_LITERAL_CONVERSION = YES;
				CLANG_WARN_OBJC_ROOT_CLASS = YES_ERROR;
				CLANG_WARN_RANGE_LOOP_ANALYSIS = YES;
				CLANG_WARN_STRICT_PROTOTYPES = YES;
				CLANG_WARN_SUSPICIOUS_MOVE = YES;
				CLANG_WARN_UNGUARDED_AVAILABILITY = YES_AGGRESSIVE;
				CLANG_WARN_UNREACHABLE_CODE = YES;
				CLANG_WARN__DUPLICATE_METHOD_MATCH = YES;
				COPY_PHASE_STRIP = NO;
				DEBUG_INFORMATION_FORMAT = "dwarf-with-dsym";
				ENABLE_NS_ASSERTIONS = NO;
				ENABLE_STRICT_OBJC_MSGSEND = YES;
				GCC_C_LANGUAGE_STANDARD = gnu11;
				GCC_NO_COMMON_BLOCKS = YES;
				GCC_WARN_64_TO_32_BIT_CONVERSION = YES;
				GCC_WARN_ABOUT_RETURN_TYPE = YES_ERROR;
				GCC_WARN_UNDECLARED_SELECTOR = YES;
				GCC_WARN_UNINITIALIZED_AUTOS = YES_AGGRESSIVE;
				GCC_WARN_UNUSED_FUNCTION = YES;
				GCC_WARN_UNUSED_VARIABLE = YES;
				IPHONEOS_DEPLOYMENT_TARGET = 13.2;
				MTL_ENABLE_DEBUG_INFO = NO;
				MTL_FAST_MATH = YES;
				SDKROOT = iphoneos;
				SWIFT_COMPILATION_MODE = wholemodule;
				SWIFT_OPTIMIZATION_LEVEL = "-O";
				VALIDATE_PRODUCT = YES;
			};
			name = Release;
		};
		72EFECF12408D3A00035296F /* Debug */ = {
			isa = XCBuildConfiguration;
			baseConfigurationReference = 171D6606EF39714791448C0A /* Pods-Set Memo.debug.xcconfig */;
			buildSettings = {
				ASSETCATALOG_COMPILER_APPICON_NAME = AppIcon;
				CODE_SIGN_STYLE = Automatic;
				DEVELOPMENT_TEAM = 9ZWLNZ43F6;
				INFOPLIST_FILE = "Set Memo/Info.plist";
				IPHONEOS_DEPLOYMENT_TARGET = 13.0;
				LD_RUNPATH_SEARCH_PATHS = (
					"$(inherited)",
					"@executable_path/Frameworks",
				);
				PRODUCT_BUNDLE_IDENTIFIER = "popcorn.Set-Memo";
				PRODUCT_NAME = "$(TARGET_NAME)";
				SWIFT_VERSION = 5.0;
				TARGETED_DEVICE_FAMILY = "1,2";
			};
			name = Debug;
		};
		72EFECF22408D3A00035296F /* Release */ = {
			isa = XCBuildConfiguration;
			baseConfigurationReference = 93C9B7B721A95210D78EB179 /* Pods-Set Memo.release.xcconfig */;
			buildSettings = {
				ASSETCATALOG_COMPILER_APPICON_NAME = AppIcon;
				CODE_SIGN_STYLE = Automatic;
				DEVELOPMENT_TEAM = 9ZWLNZ43F6;
				INFOPLIST_FILE = "Set Memo/Info.plist";
				IPHONEOS_DEPLOYMENT_TARGET = 13.0;
				LD_RUNPATH_SEARCH_PATHS = (
					"$(inherited)",
					"@executable_path/Frameworks",
				);
				PRODUCT_BUNDLE_IDENTIFIER = "popcorn.Set-Memo";
				PRODUCT_NAME = "$(TARGET_NAME)";
				SWIFT_VERSION = 5.0;
				TARGETED_DEVICE_FAMILY = "1,2";
			};
			name = Release;
		};
/* End XCBuildConfiguration section */

/* Begin XCConfigurationList section */
		72EFECD72408D39F0035296F /* Build configuration list for PBXProject "Set Memo" */ = {
			isa = XCConfigurationList;
			buildConfigurations = (
				72EFECEE2408D3A00035296F /* Debug */,
				72EFECEF2408D3A00035296F /* Release */,
			);
			defaultConfigurationIsVisible = 0;
			defaultConfigurationName = Release;
		};
		72EFECF02408D3A00035296F /* Build configuration list for PBXNativeTarget "Set Memo" */ = {
			isa = XCConfigurationList;
			buildConfigurations = (
				72EFECF12408D3A00035296F /* Debug */,
				72EFECF22408D3A00035296F /* Release */,
			);
			defaultConfigurationIsVisible = 0;
			defaultConfigurationName = Release;
		};
/* End XCConfigurationList section */
	};
	rootObject = 72EFECD42408D39F0035296F /* Project object */;
}
